// !$*UTF8*$!
{
	archiveVersion = 1;
	classes = {
	};
	objectVersion = 50;
	objects = {

/* Begin PBXBuildFile section */
		CBEED58F2143684400750C4C /* AppDelegate.swift in Sources */ = {isa = PBXBuildFile; fileRef = CBEED58E2143684400750C4C /* AppDelegate.swift */; };
		CBEED5912143684400750C4C /* ViewController.swift in Sources */ = {isa = PBXBuildFile; fileRef = CBEED5902143684400750C4C /* ViewController.swift */; };
		CBEED5942143684400750C4C /* Main.storyboard in Resources */ = {isa = PBXBuildFile; fileRef = CBEED5922143684400750C4C /* Main.storyboard */; };
		CBEED5962143684700750C4C /* Assets.xcassets in Resources */ = {isa = PBXBuildFile; fileRef = CBEED5952143684700750C4C /* Assets.xcassets */; };
		CBEED5992143684700750C4C /* LaunchScreen.storyboard in Resources */ = {isa = PBXBuildFile; fileRef = CBEED5972143684700750C4C /* LaunchScreen.storyboard */; };
		CBEED5A42143684700750C4C /* PropertyDamageTests.swift in Sources */ = {isa = PBXBuildFile; fileRef = CBEED5A32143684700750C4C /* PropertyDamageTests.swift */; };
		CBEED5AF2143684700750C4C /* PropertyDamageUITests.swift in Sources */ = {isa = PBXBuildFile; fileRef = CBEED5AE2143684700750C4C /* PropertyDamageUITests.swift */; };
/* End PBXBuildFile section */

/* Begin PBXContainerItemProxy section */
		CBEED5A02143684700750C4C /* PBXContainerItemProxy */ = {
			isa = PBXContainerItemProxy;
			containerPortal = CBEED5832143684400750C4C /* Project object */;
			proxyType = 1;
			remoteGlobalIDString = CBEED58A2143684400750C4C;
			remoteInfo = PropertyDamage;
		};
		CBEED5AB2143684700750C4C /* PBXContainerItemProxy */ = {
			isa = PBXContainerItemProxy;
			containerPortal = CBEED5832143684400750C4C /* Project object */;
			proxyType = 1;
			remoteGlobalIDString = CBEED58A2143684400750C4C;
			remoteInfo = PropertyDamage;
		};
/* End PBXContainerItemProxy section */

/* Begin PBXFileReference section */
		CBEED58B2143684400750C4C /* PropertyDamage.app */ = {isa = PBXFileReference; explicitFileType = wrapper.application; includeInIndex = 0; path = PropertyDamage.app; sourceTree = BUILT_PRODUCTS_DIR; };
		CBEED58E2143684400750C4C /* AppDelegate.swift */ = {isa = PBXFileReference; lastKnownFileType = sourcecode.swift; path = AppDelegate.swift; sourceTree = "<group>"; };
		CBEED5902143684400750C4C /* ViewController.swift */ = {isa = PBXFileReference; lastKnownFileType = sourcecode.swift; path = ViewController.swift; sourceTree = "<group>"; };
		CBEED5932143684400750C4C /* Base */ = {isa = PBXFileReference; lastKnownFileType = file.storyboard; name = Base; path = Base.lproj/Main.storyboard; sourceTree = "<group>"; };
		CBEED5952143684700750C4C /* Assets.xcassets */ = {isa = PBXFileReference; lastKnownFileType = folder.assetcatalog; path = Assets.xcassets; sourceTree = "<group>"; };
		CBEED5982143684700750C4C /* Base */ = {isa = PBXFileReference; lastKnownFileType = file.storyboard; name = Base; path = Base.lproj/LaunchScreen.storyboard; sourceTree = "<group>"; };
		CBEED59A2143684700750C4C /* Info.plist */ = {isa = PBXFileReference; lastKnownFileType = text.plist.xml; path = Info.plist; sourceTree = "<group>"; };
		CBEED59F2143684700750C4C /* PropertyDamageTests.xctest */ = {isa = PBXFileReference; explicitFileType = wrapper.cfbundle; includeInIndex = 0; path = PropertyDamageTests.xctest; sourceTree = BUILT_PRODUCTS_DIR; };
		CBEED5A32143684700750C4C /* PropertyDamageTests.swift */ = {isa = PBXFileReference; lastKnownFileType = sourcecode.swift; path = PropertyDamageTests.swift; sourceTree = "<group>"; };
		CBEED5A52143684700750C4C /* Info.plist */ = {isa = PBXFileReference; lastKnownFileType = text.plist.xml; path = Info.plist; sourceTree = "<group>"; };
		CBEED5AA2143684700750C4C /* PropertyDamageUITests.xctest */ = {isa = PBXFileReference; explicitFileType = wrapper.cfbundle; includeInIndex = 0; path = PropertyDamageUITests.xctest; sourceTree = BUILT_PRODUCTS_DIR; };
		CBEED5AE2143684700750C4C /* PropertyDamageUITests.swift */ = {isa = PBXFileReference; lastKnownFileType = sourcecode.swift; path = PropertyDamageUITests.swift; sourceTree = "<group>"; };
		CBEED5B02143684700750C4C /* Info.plist */ = {isa = PBXFileReference; lastKnownFileType = text.plist.xml; path = Info.plist; sourceTree = "<group>"; };
/* End PBXFileReference section */

/* Begin PBXFrameworksBuildPhase section */
		CBEED5882143684400750C4C /* Frameworks */ = {
			isa = PBXFrameworksBuildPhase;
			buildActionMask = 2147483647;
			files = (
			);
			runOnlyForDeploymentPostprocessing = 0;
		};
		CBEED59C2143684700750C4C /* Frameworks */ = {
			isa = PBXFrameworksBuildPhase;
			buildActionMask = 2147483647;
			files = (
			);
			runOnlyForDeploymentPostprocessing = 0;
		};
		CBEED5A72143684700750C4C /* Frameworks */ = {
			isa = PBXFrameworksBuildPhase;
			buildActionMask = 2147483647;
			files = (
			);
			runOnlyForDeploymentPostprocessing = 0;
		};
/* End PBXFrameworksBuildPhase section */

/* Begin PBXGroup section */
		CBEED5822143684400750C4C = {
			isa = PBXGroup;
			children = (
				CBEED58D2143684400750C4C /* PropertyDamage */,
				CBEED5A22143684700750C4C /* PropertyDamageTests */,
				CBEED5AD2143684700750C4C /* PropertyDamageUITests */,
				CBEED58C2143684400750C4C /* Products */,
			);
			sourceTree = "<group>";
		};
		CBEED58C2143684400750C4C /* Products */ = {
			isa = PBXGroup;
			children = (
				CBEED58B2143684400750C4C /* PropertyDamage.app */,
				CBEED59F2143684700750C4C /* PropertyDamageTests.xctest */,
				CBEED5AA2143684700750C4C /* PropertyDamageUITests.xctest */,
			);
			name = Products;
			sourceTree = "<group>";
		};
		CBEED58D2143684400750C4C /* PropertyDamage */ = {
			isa = PBXGroup;
			children = (
				CBEED58E2143684400750C4C /* AppDelegate.swift */,
				CBEED5902143684400750C4C /* ViewController.swift */,
				CBEED5922143684400750C4C /* Main.storyboard */,
				CBEED5952143684700750C4C /* Assets.xcassets */,
				CBEED5972143684700750C4C /* LaunchScreen.storyboard */,
				CBEED59A2143684700750C4C /* Info.plist */,
			);
			path = PropertyDamage;
			sourceTree = "<group>";
		};
		CBEED5A22143684700750C4C /* PropertyDamageTests */ = {
			isa = PBXGroup;
			children = (
				CBEED5A32143684700750C4C /* PropertyDamageTests.swift */,
				CBEED5A52143684700750C4C /* Info.plist */,
			);
			path = PropertyDamageTests;
			sourceTree = "<group>";
		};
		CBEED5AD2143684700750C4C /* PropertyDamageUITests */ = {
			isa = PBXGroup;
			children = (
				CBEED5AE2143684700750C4C /* PropertyDamageUITests.swift */,
				CBEED5B02143684700750C4C /* Info.plist */,
			);
			path = PropertyDamageUITests;
			sourceTree = "<group>";
		};
/* End PBXGroup section */

/* Begin PBXNativeTarget section */
		CBEED58A2143684400750C4C /* PropertyDamage */ = {
			isa = PBXNativeTarget;
			buildConfigurationList = CBEED5B32143684700750C4C /* Build configuration list for PBXNativeTarget "PropertyDamage" */;
			buildPhases = (
				CBEED5872143684400750C4C /* Sources */,
				CBEED5882143684400750C4C /* Frameworks */,
				CBEED5892143684400750C4C /* Resources */,
			);
			buildRules = (
			);
			dependencies = (
			);
			name = PropertyDamage;
			productName = PropertyDamage;
			productReference = CBEED58B2143684400750C4C /* PropertyDamage.app */;
			productType = "com.apple.product-type.application";
		};
		CBEED59E2143684700750C4C /* PropertyDamageTests */ = {
			isa = PBXNativeTarget;
			buildConfigurationList = CBEED5B62143684700750C4C /* Build configuration list for PBXNativeTarget "PropertyDamageTests" */;
			buildPhases = (
				CBEED59B2143684700750C4C /* Sources */,
				CBEED59C2143684700750C4C /* Frameworks */,
				CBEED59D2143684700750C4C /* Resources */,
			);
			buildRules = (
			);
			dependencies = (
				CBEED5A12143684700750C4C /* PBXTargetDependency */,
			);
			name = PropertyDamageTests;
			productName = PropertyDamageTests;
			productReference = CBEED59F2143684700750C4C /* PropertyDamageTests.xctest */;
			productType = "com.apple.product-type.bundle.unit-test";
		};
		CBEED5A92143684700750C4C /* PropertyDamageUITests */ = {
			isa = PBXNativeTarget;
			buildConfigurationList = CBEED5B92143684700750C4C /* Build configuration list for PBXNativeTarget "PropertyDamageUITests" */;
			buildPhases = (
				CBEED5A62143684700750C4C /* Sources */,
				CBEED5A72143684700750C4C /* Frameworks */,
				CBEED5A82143684700750C4C /* Resources */,
			);
			buildRules = (
			);
			dependencies = (
				CBEED5AC2143684700750C4C /* PBXTargetDependency */,
			);
			name = PropertyDamageUITests;
			productName = PropertyDamageUITests;
			productReference = CBEED5AA2143684700750C4C /* PropertyDamageUITests.xctest */;
			productType = "com.apple.product-type.bundle.ui-testing";
		};
/* End PBXNativeTarget section */

/* Begin PBXProject section */
		CBEED5832143684400750C4C /* Project object */ = {
			isa = PBXProject;
			attributes = {
				LastSwiftUpdateCheck = 0940;
				LastUpgradeCheck = 0940;
				ORGANIZATIONNAME = "Laikh Tewari";
				TargetAttributes = {
					CBEED58A2143684400750C4C = {
						CreatedOnToolsVersion = 9.4.1;
					};
					CBEED59E2143684700750C4C = {
						CreatedOnToolsVersion = 9.4.1;
						TestTargetID = CBEED58A2143684400750C4C;
					};
					CBEED5A92143684700750C4C = {
						CreatedOnToolsVersion = 9.4.1;
						TestTargetID = CBEED58A2143684400750C4C;
					};
				};
			};
			buildConfigurationList = CBEED5862143684400750C4C /* Build configuration list for PBXProject "PropertyDamage" */;
			compatibilityVersion = "Xcode 9.3";
			developmentRegion = en;
			hasScannedForEncodings = 0;
			knownRegions = (
				en,
				Base,
			);
			mainGroup = CBEED5822143684400750C4C;
			productRefGroup = CBEED58C2143684400750C4C /* Products */;
			projectDirPath = "";
			projectRoot = "";
			targets = (
				CBEED58A2143684400750C4C /* PropertyDamage */,
				CBEED59E2143684700750C4C /* PropertyDamageTests */,
				CBEED5A92143684700750C4C /* PropertyDamageUITests */,
			);
		};
/* End PBXProject section */

/* Begin PBXResourcesBuildPhase section */
		CBEED5892143684400750C4C /* Resources */ = {
			isa = PBXResourcesBuildPhase;
			buildActionMask = 2147483647;
			files = (
				CBEED5992143684700750C4C /* LaunchScreen.storyboard in Resources */,
				CBEED5962143684700750C4C /* Assets.xcassets in Resources */,
				CBEED5942143684400750C4C /* Main.storyboard in Resources */,
			);
			runOnlyForDeploymentPostprocessing = 0;
		};
		CBEED59D2143684700750C4C /* Resources */ = {
			isa = PBXResourcesBuildPhase;
			buildActionMask = 2147483647;
			files = (
			);
			runOnlyForDeploymentPostprocessing = 0;
		};
		CBEED5A82143684700750C4C /* Resources */ = {
			isa = PBXResourcesBuildPhase;
			buildActionMask = 2147483647;
			files = (
			);
			runOnlyForDeploymentPostprocessing = 0;
		};
/* End PBXResourcesBuildPhase section */

/* Begin PBXSourcesBuildPhase section */
		CBEED5872143684400750C4C /* Sources */ = {
			isa = PBXSourcesBuildPhase;
			buildActionMask = 2147483647;
			files = (
				CBEED5912143684400750C4C /* ViewController.swift in Sources */,
				CBEED58F2143684400750C4C /* AppDelegate.swift in Sources */,
			);
			runOnlyForDeploymentPostprocessing = 0;
		};
		CBEED59B2143684700750C4C /* Sources */ = {
			isa = PBXSourcesBuildPhase;
			buildActionMask = 2147483647;
			files = (
				CBEED5A42143684700750C4C /* PropertyDamageTests.swift in Sources */,
			);
			runOnlyForDeploymentPostprocessing = 0;
		};
		CBEED5A62143684700750C4C /* Sources */ = {
			isa = PBXSourcesBuildPhase;
			buildActionMask = 2147483647;
			files = (
				CBEED5AF2143684700750C4C /* PropertyDamageUITests.swift in Sources */,
			);
			runOnlyForDeploymentPostprocessing = 0;
		};
/* End PBXSourcesBuildPhase section */

/* Begin PBXTargetDependency section */
		CBEED5A12143684700750C4C /* PBXTargetDependency */ = {
			isa = PBXTargetDependency;
			target = CBEED58A2143684400750C4C /* PropertyDamage */;
			targetProxy = CBEED5A02143684700750C4C /* PBXContainerItemProxy */;
		};
		CBEED5AC2143684700750C4C /* PBXTargetDependency */ = {
			isa = PBXTargetDependency;
			target = CBEED58A2143684400750C4C /* PropertyDamage */;
			targetProxy = CBEED5AB2143684700750C4C /* PBXContainerItemProxy */;
		};
/* End PBXTargetDependency section */

/* Begin PBXVariantGroup section */
		CBEED5922143684400750C4C /* Main.storyboard */ = {
			isa = PBXVariantGroup;
			children = (
				CBEED5932143684400750C4C /* Base */,
			);
			name = Main.storyboard;
			sourceTree = "<group>";
		};
		CBEED5972143684700750C4C /* LaunchScreen.storyboard */ = {
			isa = PBXVariantGroup;
			children = (
				CBEED5982143684700750C4C /* Base */,
			);
			name = LaunchScreen.storyboard;
			sourceTree = "<group>";
		};
/* End PBXVariantGroup section */

/* Begin XCBuildConfiguration section */
		CBEED5B12143684700750C4C /* Debug */ = {
			isa = XCBuildConfiguration;
			buildSettings = {
				ALWAYS_SEARCH_USER_PATHS = NO;
				CLANG_ANALYZER_NONNULL = YES;
				CLANG_ANALYZER_NUMBER_OBJECT_CONVERSION = YES_AGGRESSIVE;
				CLANG_CXX_LANGUAGE_STANDARD = "gnu++14";
				CLANG_CXX_LIBRARY = "libc++";
				CLANG_ENABLE_MODULES = YES;
				CLANG_ENABLE_OBJC_ARC = YES;
				CLANG_ENABLE_OBJC_WEAK = YES;
				CLANG_WARN_BLOCK_CAPTURE_AUTORELEASING = YES;
				CLANG_WARN_BOOL_CONVERSION = YES;
				CLANG_WARN_COMMA = YES;
				CLANG_WARN_CONSTANT_CONVERSION = YES;
				CLANG_WARN_DEPRECATED_OBJC_IMPLEMENTATIONS = YES;
				CLANG_WARN_DIRECT_OBJC_ISA_USAGE = YES_ERROR;
				CLANG_WARN_DOCUMENTATION_COMMENTS = YES;
				CLANG_WARN_EMPTY_BODY = YES;
				CLANG_WARN_ENUM_CONVERSION = YES;
				CLANG_WARN_INFINITE_RECURSION = YES;
				CLANG_WARN_INT_CONVERSION = YES;
				CLANG_WARN_NON_LITERAL_NULL_CONVERSION = YES;
				CLANG_WARN_OBJC_IMPLICIT_RETAIN_SELF = YES;
				CLANG_WARN_OBJC_LITERAL_CONVERSION = YES;
				CLANG_WARN_OBJC_ROOT_CLASS = YES_ERROR;
				CLANG_WARN_RANGE_LOOP_ANALYSIS = YES;
				CLANG_WARN_STRICT_PROTOTYPES = YES;
				CLANG_WARN_SUSPICIOUS_MOVE = YES;
				CLANG_WARN_UNGUARDED_AVAILABILITY = YES_AGGRESSIVE;
				CLANG_WARN_UNREACHABLE_CODE = YES;
				CLANG_WARN__DUPLICATE_METHOD_MATCH = YES;
				CODE_SIGN_IDENTITY = "iPhone Developer";
				COPY_PHASE_STRIP = NO;
				DEBUG_INFORMATION_FORMAT = dwarf;
				ENABLE_STRICT_OBJC_MSGSEND = YES;
				ENABLE_TESTABILITY = YES;
				GCC_C_LANGUAGE_STANDARD = gnu11;
				GCC_DYNAMIC_NO_PIC = NO;
				GCC_NO_COMMON_BLOCKS = YES;
				GCC_OPTIMIZATION_LEVEL = 0;
				GCC_PREPROCESSOR_DEFINITIONS = (
					"DEBUG=1",
					"$(inherited)",
				);
				GCC_WARN_64_TO_32_BIT_CONVERSION = YES;
				GCC_WARN_ABOUT_RETURN_TYPE = YES_ERROR;
				GCC_WARN_UNDECLARED_SELECTOR = YES;
				GCC_WARN_UNINITIALIZED_AUTOS = YES_AGGRESSIVE;
				GCC_WARN_UNUSED_FUNCTION = YES;
				GCC_WARN_UNUSED_VARIABLE = YES;
				IPHONEOS_DEPLOYMENT_TARGET = 11.4;
				MTL_ENABLE_DEBUG_INFO = YES;
				ONLY_ACTIVE_ARCH = YES;
				SDKROOT = iphoneos;
				SWIFT_ACTIVE_COMPILATION_CONDITIONS = DEBUG;
				SWIFT_OPTIMIZATION_LEVEL = "-Onone";
			};
			name = Debug;
		};
		CBEED5B22143684700750C4C /* Release */ = {
			isa = XCBuildConfiguration;
			buildSettings = {
				ALWAYS_SEARCH_USER_PATHS = NO;
				CLANG_ANALYZER_NONNULL = YES;
				CLANG_ANALYZER_NUMBER_OBJECT_CONVERSION = YES_AGGRESSIVE;
				CLANG_CXX_LANGUAGE_STANDARD = "gnu++14";
				CLANG_CXX_LIBRARY = "libc++";
				CLANG_ENABLE_MODULES = YES;
				CLANG_ENABLE_OBJC_ARC = YES;
				CLANG_ENABLE_OBJC_WEAK = YES;
				CLANG_WARN_BLOCK_CAPTURE_AUTORELEASING = YES;
				CLANG_WARN_BOOL_CONVERSION = YES;
				CLANG_WARN_COMMA = YES;
				CLANG_WARN_CONSTANT_CONVERSION = YES;
				CLANG_WARN_DEPRECATED_OBJC_IMPLEMENTATIONS = YES;
				CLANG_WARN_DIRECT_OBJC_ISA_USAGE = YES_ERROR;
				CLANG_WARN_DOCUMENTATION_COMMENTS = YES;
				CLANG_WARN_EMPTY_BODY = YES;
				CLANG_WARN_ENUM_CONVERSION = YES;
				CLANG_WARN_INFINITE_RECURSION = YES;
				CLANG_WARN_INT_CONVERSION = YES;
				CLANG_WARN_NON_LITERAL_NULL_CONVERSION = YES;
				CLANG_WARN_OBJC_IMPLICIT_RETAIN_SELF = YES;
				CLANG_WARN_OBJC_LITERAL_CONVERSION = YES;
				CLANG_WARN_OBJC_ROOT_CLASS = YES_ERROR;
				CLANG_WARN_RANGE_LOOP_ANALYSIS = YES;
				CLANG_WARN_STRICT_PROTOTYPES = YES;
				CLANG_WARN_SUSPICIOUS_MOVE = YES;
				CLANG_WARN_UNGUARDED_AVAILABILITY = YES_AGGRESSIVE;
				CLANG_WARN_UNREACHABLE_CODE = YES;
				CLANG_WARN__DUPLICATE_METHOD_MATCH = YES;
				CODE_SIGN_IDENTITY = "iPhone Developer";
				COPY_PHASE_STRIP = NO;
				DEBUG_INFORMATION_FORMAT = "dwarf-with-dsym";
				ENABLE_NS_ASSERTIONS = NO;
				ENABLE_STRICT_OBJC_MSGSEND = YES;
				GCC_C_LANGUAGE_STANDARD = gnu11;
				GCC_NO_COMMON_BLOCKS = YES;
				GCC_WARN_64_TO_32_BIT_CONVERSION = YES;
				GCC_WARN_ABOUT_RETURN_TYPE = YES_ERROR;
				GCC_WARN_UNDECLARED_SELECTOR = YES;
				GCC_WARN_UNINITIALIZED_AUTOS = YES_AGGRESSIVE;
				GCC_WARN_UNUSED_FUNCTION = YES;
				GCC_WARN_UNUSED_VARIABLE = YES;
				IPHONEOS_DEPLOYMENT_TARGET = 11.4;
				MTL_ENABLE_DEBUG_INFO = NO;
				SDKROOT = iphoneos;
				SWIFT_COMPILATION_MODE = wholemodule;
				SWIFT_OPTIMIZATION_LEVEL = "-O";
				VALIDATE_PRODUCT = YES;
			};
			name = Release;
		};
		CBEED5B42143684700750C4C /* Debug */ = {
			isa = XCBuildConfiguration;
			buildSettings = {
				ASSETCATALOG_COMPILER_APPICON_NAME = AppIcon;
				CODE_SIGN_STYLE = Automatic;
				DEVELOPMENT_TEAM = TJN5RF4DPT;
				INFOPLIST_FILE = PropertyDamage/Info.plist;
				LD_RUNPATH_SEARCH_PATHS = (
					"$(inherited)",
					"@executable_path/Frameworks",
				);
				PRODUCT_BUNDLE_IDENTIFIER = com.LaikhTewari.PropertyDamage;
				PRODUCT_NAME = "$(TARGET_NAME)";
				SWIFT_VERSION = 4.0;
				TARGETED_DEVICE_FAMILY = "1,2";
			};
			name = Debug;
		};
		CBEED5B52143684700750C4C /* Release */ = {
			isa = XCBuildConfiguration;
			buildSettings = {
				ASSETCATALOG_COMPILER_APPICON_NAME = AppIcon;
				CODE_SIGN_STYLE = Automatic;
				DEVELOPMENT_TEAM = TJN5RF4DPT;
				INFOPLIST_FILE = PropertyDamage/Info.plist;
				LD_RUNPATH_SEARCH_PATHS = (
					"$(inherited)",
					"@executable_path/Frameworks",
				);
				PRODUCT_BUNDLE_IDENTIFIER = com.LaikhTewari.PropertyDamage;
				PRODUCT_NAME = "$(TARGET_NAME)";
				SWIFT_VERSION = 4.0;
				TARGETED_DEVICE_FAMILY = "1,2";
			};
			name = Release;
		};
		CBEED5B72143684700750C4C /* Debug */ = {
			isa = XCBuildConfiguration;
			buildSettings = {
				ALWAYS_EMBED_SWIFT_STANDARD_LIBRARIES = YES;
				BUNDLE_LOADER = "$(TEST_HOST)";
				CODE_SIGN_STYLE = Automatic;
				DEVELOPMENT_TEAM = TJN5RF4DPT;
				INFOPLIST_FILE = PropertyDamageTests/Info.plist;
				LD_RUNPATH_SEARCH_PATHS = (
					"$(inherited)",
					"@executable_path/Frameworks",
					"@loader_path/Frameworks",
				);
				PRODUCT_BUNDLE_IDENTIFIER = com.LaikhTewari.PropertyDamageTests;
				PRODUCT_NAME = "$(TARGET_NAME)";
				SWIFT_VERSION = 4.0;
				TARGETED_DEVICE_FAMILY = "1,2";
				TEST_HOST = "$(BUILT_PRODUCTS_DIR)/PropertyDamage.app/PropertyDamage";
			};
			name = Debug;
		};
		CBEED5B82143684700750C4C /* Release */ = {
			isa = XCBuildConfiguration;
			buildSettings = {
				ALWAYS_EMBED_SWIFT_STANDARD_LIBRARIES = YES;
				BUNDLE_LOADER = "$(TEST_HOST)";
				CODE_SIGN_STYLE = Automatic;
				DEVELOPMENT_TEAM = TJN5RF4DPT;
				INFOPLIST_FILE = PropertyDamageTests/Info.plist;
				LD_RUNPATH_SEARCH_PATHS = (
					"$(inherited)",
					"@executable_path/Frameworks",
					"@loader_path/Frameworks",
				);
				PRODUCT_BUNDLE_IDENTIFIER = com.LaikhTewari.PropertyDamageTests;
				PRODUCT_NAME = "$(TARGET_NAME)";
				SWIFT_VERSION = 4.0;
				TARGETED_DEVICE_FAMILY = "1,2";
				TEST_HOST = "$(BUILT_PRODUCTS_DIR)/PropertyDamage.app/PropertyDamage";
			};
			name = Release;
		};
		CBEED5BA2143684700750C4C /* Debug */ = {
			isa = XCBuildConfiguration;
			buildSettings = {
				ALWAYS_EMBED_SWIFT_STANDARD_LIBRARIES = YES;
				CODE_SIGN_STYLE = Automatic;
				DEVELOPMENT_TEAM = TJN5RF4DPT;
				INFOPLIST_FILE = PropertyDamageUITests/Info.plist;
				LD_RUNPATH_SEARCH_PATHS = (
					"$(inherited)",
					"@executable_path/Frameworks",
					"@loader_path/Frameworks",
				);
				PRODUCT_BUNDLE_IDENTIFIER = com.LaikhTewari.PropertyDamageUITests;
				PRODUCT_NAME = "$(TARGET_NAME)";
				SWIFT_VERSION = 4.0;
				TARGETED_DEVICE_FAMILY = "1,2";
				TEST_TARGET_NAME = PropertyDamage;
			};
			name = Debug;
		};
		CBEED5BB2143684700750C4C /* Release */ = {
			isa = XCBuildConfiguration;
			buildSettings = {
				ALWAYS_EMBED_SWIFT_STANDARD_LIBRARIES = YES;
				CODE_SIGN_STYLE = Automatic;
				DEVELOPMENT_TEAM = TJN5RF4DPT;
				INFOPLIST_FILE = PropertyDamageUITests/Info.plist;
				LD_RUNPATH_SEARCH_PATHS = (
					"$(inherited)",
					"@executable_path/Frameworks",
					"@loader_path/Frameworks",
				);
				PRODUCT_BUNDLE_IDENTIFIER = com.LaikhTewari.PropertyDamageUITests;
				PRODUCT_NAME = "$(TARGET_NAME)";
				SWIFT_VERSION = 4.0;
				TARGETED_DEVICE_FAMILY = "1,2";
				TEST_TARGET_NAME = PropertyDamage;
			};
			name = Release;
		};
/* End XCBuildConfiguration section */

/* Begin XCConfigurationList section */
		CBEED5862143684400750C4C /* Build configuration list for PBXProject "PropertyDamage" */ = {
			isa = XCConfigurationList;
			buildConfigurations = (
				CBEED5B12143684700750C4C /* Debug */,
				CBEED5B22143684700750C4C /* Release */,
			);
			defaultConfigurationIsVisible = 0;
			defaultConfigurationName = Release;
		};
		CBEED5B32143684700750C4C /* Build configuration list for PBXNativeTarget "PropertyDamage" */ = {
			isa = XCConfigurationList;
			buildConfigurations = (
				CBEED5B42143684700750C4C /* Debug */,
				CBEED5B52143684700750C4C /* Release */,
			);
			defaultConfigurationIsVisible = 0;
			defaultConfigurationName = Release;
		};
		CBEED5B62143684700750C4C /* Build configuration list for PBXNativeTarget "PropertyDamageTests" */ = {
			isa = XCConfigurationList;
			buildConfigurations = (
				CBEED5B72143684700750C4C /* Debug */,
				CBEED5B82143684700750C4C /* Release */,
			);
			defaultConfigurationIsVisible = 0;
			defaultConfigurationName = Release;
		};
		CBEED5B92143684700750C4C /* Build configuration list for PBXNativeTarget "PropertyDamageUITests" */ = {
			isa = XCConfigurationList;
			buildConfigurations = (
				CBEED5BA2143684700750C4C /* Debug */,
				CBEED5BB2143684700750C4C /* Release */,
			);
			defaultConfigurationIsVisible = 0;
			defaultConfigurationName = Release;
		};
/* End XCConfigurationList section */
	};
	rootObject = CBEED5832143684400750C4C /* Project object */;
}
